PODS:
  - client_information (1.0.0):
    - Flutter
    - SAMKeychain
  - connectivity_plus (0.0.1):
    - Flutter
    - FlutterMacOS
  - Flutter (1.0.0)
  - integration_test (0.0.1):
    - Flutter
  - location (0.0.1):
    - Flutter
  - SAMKeychain (1.5.3)
  - spa_sdk (0.0.1):
    - Flutter

DEPENDENCIES:
  - client_information (from `.symlinks/plugins/client_information/ios`)
  - connectivity_plus (from `.symlinks/plugins/connectivity_plus/darwin`)
  - Flutter (from `Flutter`)
  - integration_test (from `.symlinks/plugins/integration_test/ios`)
  - location (from `.symlinks/plugins/location/ios`)
  - spa_sdk (from `.symlinks/plugins/spa_sdk/ios`)

SPEC REPOS:
  trunk:
    - SAMKeychain

EXTERNAL SOURCES:
  client_information:
    :path: ".symlinks/plugins/client_information/ios"
  connectivity_plus:
    :path: ".symlinks/plugins/connectivity_plus/darwin"
  Flutter:
    :path: Flutter
  integration_test:
    :path: ".symlinks/plugins/integration_test/ios"
  location:
    :path: ".symlinks/plugins/location/ios"
  spa_sdk:
    :path: ".symlinks/plugins/spa_sdk/ios"

SPEC CHECKSUMS:
  client_information: cd2088b683015ea782082d6562d17e0320ae7097
  connectivity_plus: ddd7f30999e1faaef5967c23d5b6d503d10434db
  Flutter: e0871f40cf51350855a761d2e70bf5af5b9b5de7
  integration_test: ce0a3ffa1de96d1a89ca0ac26fca7ea18a749ef4
  location: d5cf8598915965547c3f36761ae9cc4f4e87d22e
  SAMKeychain: 483e1c9f32984d50ca961e26818a534283b4cd5c
  spa_sdk: 7029d8fb369e5b12b09356e4c8823899a88642e9

PODFILE CHECKSUM: 819463e6a0290f5a72f145ba7cde16e8b6ef0796

COCOAPODS: 1.13.0
